
Microsoft Visual Studio Solution File, Format Version 12.00
# Visual Studio Version 17
VisualStudioVersion = 17.3.32819.101
MinimumVisualStudioVersion = 10.0.40219.1
Project("{FAE04EC0-301F-11D3-BF4B-00C04F79EFBC}") = "URLdeQRCode", "URLdeQRCode\URLdeQRCode.csproj", "{BCEC040B-59AD-4205-BCA1-E8D53ADA8757}"
EndProject
Global
	GlobalSection(SolutionConfigurationPlatforms) = preSolution
		Debug|Any CPU = Debug|Any CPU
		Release|Any CPU = Release|Any CPU
	EndGlobalSection
	GlobalSection(ProjectConfigurationPlatforms) = postSolution
		{BCEC040B-59AD-4205-BCA1-E8D53ADA8757}.Debug|Any CPU.ActiveCfg = Debug|Any CPU
		{BCEC040B-59AD-4205-BCA1-E8D53ADA8757}.Debug|Any CPU.Build.0 = Debug|Any CPU
		{BCEC040B-59AD-4205-BCA1-E8D53ADA8757}.Release|Any CPU.ActiveCfg = Release|Any CPU
		{BCEC040B-59AD-4205-BCA1-E8D53ADA8757}.Release|Any CPU.Build.0 = Release|Any CPU
	EndGlobalSection
	GlobalSection(SolutionProperties) = preSolution
		HideSolutionNode = FALSE
	EndGlobalSection
	GlobalSection(ExtensibilityGlobals) = postSolution
		SolutionGuid = {B2E3279C-4D0F-417E-9847-D2C9D2C5A414}
	EndGlobalSection
EndGlobal
